// !$*UTF8*$!
{
	archiveVersion = 1;
	classes = {
	};
	objectVersion = 50;
	objects = {

/* Begin PBXBuildFile section */
		4C2805B1219BD7B8009A9D5E /* SeqList.c in Sources */ = {isa = PBXBuildFile; fileRef = 4C2805AD219BD7B7009A9D5E /* SeqList.c */; };
		4C2805B2219BD7B8009A9D5E /* LinkList.c in Sources */ = {isa = PBXBuildFile; fileRef = 4C2805AF219BD7B7009A9D5E /* LinkList.c */; };
		4C2805B5219BE838009A9D5E /* LinearList.c in Sources */ = {isa = PBXBuildFile; fileRef = 4C2805B3219BE838009A9D5E /* LinearList.c */; };
		4C35DCD6219AB49D00A84557 /* search.c in Sources */ = {isa = PBXBuildFile; fileRef = 4C35DCD5219AB49D00A84557 /* search.c */; };
		4C4F7122218FD63700838473 /* main.c in Sources */ = {isa = PBXBuildFile; fileRef = 4C4F7121218FD63700838473 /* main.c */; };
		4C4F712B218FF74F00838473 /* BasicTest.c in Sources */ = {isa = PBXBuildFile; fileRef = 4C4F712A218FF74F00838473 /* BasicTest.c */; };
		4C4F712E218FF8B700838473 /* Exam.c in Sources */ = {isa = PBXBuildFile; fileRef = 4C4F712D218FF8B700838473 /* Exam.c */; };
		4CE0EB0121900F96008CF8BE /* CLanguageDemo.c in Sources */ = {isa = PBXBuildFile; fileRef = 4CE0EB0021900F96008CF8BE /* CLanguageDemo.c */; };
		4CE0EB602191210D008CF8BE /* StringTest.c in Sources */ = {isa = PBXBuildFile; fileRef = 4CE0EB5F2191210D008CF8BE /* StringTest.c */; };
		4CE0EB6321913281008CF8BE /* PointerTest.c in Sources */ = {isa = PBXBuildFile; fileRef = 4CE0EB6221913281008CF8BE /* PointerTest.c */; };
		4CE0EB692193CDC9008CF8BE /* student.c in Sources */ = {isa = PBXBuildFile; fileRef = 4CE0EB682193CDC9008CF8BE /* student.c */; };
		4CE0EB6C2193D46C008CF8BE /* studentHandle.c in Sources */ = {isa = PBXBuildFile; fileRef = 4CE0EB6B2193D46C008CF8BE /* studentHandle.c */; };
		4CE0EB6F2193DAE7008CF8BE /* MemoryTest.c in Sources */ = {isa = PBXBuildFile; fileRef = 4CE0EB6E2193DAE7008CF8BE /* MemoryTest.c */; };
		4CE0EB722193DBF3008CF8BE /* StaticTest.c in Sources */ = {isa = PBXBuildFile; fileRef = 4CE0EB712193DBF3008CF8BE /* StaticTest.c */; };
		4CE0EB75219420D6008CF8BE /* ArrayTest.c in Sources */ = {isa = PBXBuildFile; fileRef = 4CE0EB74219420D6008CF8BE /* ArrayTest.c */; };
/* End PBXBuildFile section */

/* Begin PBXCopyFilesBuildPhase section */
		4C4F711C218FD63700838473 /* CopyFiles */ = {
			isa = PBXCopyFilesBuildPhase;
			buildActionMask = 2147483647;
			dstPath = /usr/share/man/man1/;
			dstSubfolderSpec = 0;
			files = (
			);
			runOnlyForDeploymentPostprocessing = 1;
		};
/* End PBXCopyFilesBuildPhase section */

/* Begin PBXFileReference section */
		4C2805AD219BD7B7009A9D5E /* SeqList.c */ = {isa = PBXFileReference; fileEncoding = 4; lastKnownFileType = sourcecode.c.c; path = SeqList.c; sourceTree = "<group>"; };
		4C2805AE219BD7B7009A9D5E /* LinkList.h */ = {isa = PBXFileReference; fileEncoding = 4; lastKnownFileType = sourcecode.c.h; path = LinkList.h; sourceTree = "<group>"; };
		4C2805AF219BD7B7009A9D5E /* LinkList.c */ = {isa = PBXFileReference; fileEncoding = 4; lastKnownFileType = sourcecode.c.c; path = LinkList.c; sourceTree = "<group>"; };
		4C2805B0219BD7B8009A9D5E /* SeqList.h */ = {isa = PBXFileReference; fileEncoding = 4; lastKnownFileType = sourcecode.c.h; path = SeqList.h; sourceTree = "<group>"; };
		4C2805B3219BE838009A9D5E /* LinearList.c */ = {isa = PBXFileReference; fileEncoding = 4; lastKnownFileType = sourcecode.c.c; path = LinearList.c; sourceTree = "<group>"; };
		4C2805B4219BE838009A9D5E /* LinearList.h */ = {isa = PBXFileReference; fileEncoding = 4; lastKnownFileType = sourcecode.c.h; path = LinearList.h; sourceTree = "<group>"; };
		4C35DCCC219A62FF00A84557 /* Header.h */ = {isa = PBXFileReference; lastKnownFileType = sourcecode.c.h; path = Header.h; sourceTree = "<group>"; };
		4C35DCCD219A696E00A84557 /* README.md */ = {isa = PBXFileReference; lastKnownFileType = net.daringfireball.markdown; path = README.md; sourceTree = "<group>"; };
		4C35DCD2219A9E9100A84557 /* out2.txt */ = {isa = PBXFileReference; fileEncoding = 4; lastKnownFileType = text; path = out2.txt; sourceTree = "<group>"; };
		4C35DCD4219AB49D00A84557 /* search.h */ = {isa = PBXFileReference; lastKnownFileType = sourcecode.c.h; path = search.h; sourceTree = "<group>"; };
		4C35DCD5219AB49D00A84557 /* search.c */ = {isa = PBXFileReference; lastKnownFileType = sourcecode.c.c; path = search.c; sourceTree = "<group>"; };
		4C35DCD7219B11BA00A84557 /* in.txt */ = {isa = PBXFileReference; fileEncoding = 4; lastKnownFileType = text; path = in.txt; sourceTree = "<group>"; };
		4C35DCD8219B19D600A84557 /* src.jpg */ = {isa = PBXFileReference; lastKnownFileType = image.jpeg; path = src.jpg; sourceTree = "<group>"; };
		4C35DCD9219B1A0600A84557 /* des.jpg */ = {isa = PBXFileReference; lastKnownFileType = image.jpeg; path = des.jpg; sourceTree = "<group>"; };
		4C4F711E218FD63700838473 /* ruanjiankaifa */ = {isa = PBXFileReference; explicitFileType = "compiled.mach-o.executable"; includeInIndex = 0; path = ruanjiankaifa; sourceTree = BUILT_PRODUCTS_DIR; };
		4C4F7121218FD63700838473 /* main.c */ = {isa = PBXFileReference; lastKnownFileType = sourcecode.c.c; path = main.c; sourceTree = "<group>"; };
		4C4F7128218FE75C00838473 /* out.txt */ = {isa = PBXFileReference; lastKnownFileType = text; path = out.txt; sourceTree = "<group>"; };
		4C4F7129218FF74F00838473 /* BasicTest.h */ = {isa = PBXFileReference; lastKnownFileType = sourcecode.c.h; path = BasicTest.h; sourceTree = "<group>"; };
		4C4F712A218FF74F00838473 /* BasicTest.c */ = {isa = PBXFileReference; lastKnownFileType = sourcecode.c.c; path = BasicTest.c; sourceTree = "<group>"; };
		4C4F712C218FF8B700838473 /* Exam.h */ = {isa = PBXFileReference; lastKnownFileType = sourcecode.c.h; path = Exam.h; sourceTree = "<group>"; };
		4C4F712D218FF8B700838473 /* Exam.c */ = {isa = PBXFileReference; lastKnownFileType = sourcecode.c.c; path = Exam.c; sourceTree = "<group>"; };
		4CE0EAFF21900F96008CF8BE /* CLanguageDemo.h */ = {isa = PBXFileReference; lastKnownFileType = sourcecode.c.h; path = CLanguageDemo.h; sourceTree = "<group>"; };
		4CE0EB0021900F96008CF8BE /* CLanguageDemo.c */ = {isa = PBXFileReference; lastKnownFileType = sourcecode.c.c; path = CLanguageDemo.c; sourceTree = "<group>"; };
		4CE0EB5E2191210D008CF8BE /* StringTest.h */ = {isa = PBXFileReference; lastKnownFileType = sourcecode.c.h; path = StringTest.h; sourceTree = "<group>"; };
		4CE0EB5F2191210D008CF8BE /* StringTest.c */ = {isa = PBXFileReference; lastKnownFileType = sourcecode.c.c; path = StringTest.c; sourceTree = "<group>"; };
		4CE0EB6121913281008CF8BE /* PointerTest.h */ = {isa = PBXFileReference; lastKnownFileType = sourcecode.c.h; path = PointerTest.h; sourceTree = "<group>"; };
		4CE0EB6221913281008CF8BE /* PointerTest.c */ = {isa = PBXFileReference; lastKnownFileType = sourcecode.c.c; path = PointerTest.c; sourceTree = "<group>"; };
		4CE0EB672193CDC9008CF8BE /* student.h */ = {isa = PBXFileReference; fileEncoding = 4; lastKnownFileType = sourcecode.c.h; path = student.h; sourceTree = "<group>"; };
		4CE0EB682193CDC9008CF8BE /* student.c */ = {isa = PBXFileReference; fileEncoding = 4; lastKnownFileType = sourcecode.c.c; path = student.c; sourceTree = "<group>"; };
		4CE0EB6A2193D46C008CF8BE /* studentHandle.h */ = {isa = PBXFileReference; lastKnownFileType = sourcecode.c.h; path = studentHandle.h; sourceTree = "<group>"; };
		4CE0EB6B2193D46C008CF8BE /* studentHandle.c */ = {isa = PBXFileReference; lastKnownFileType = sourcecode.c.c; path = studentHandle.c; sourceTree = "<group>"; };
		4CE0EB6D2193DAE7008CF8BE /* MemoryTest.h */ = {isa = PBXFileReference; lastKnownFileType = sourcecode.c.h; path = MemoryTest.h; sourceTree = "<group>"; };
		4CE0EB6E2193DAE7008CF8BE /* MemoryTest.c */ = {isa = PBXFileReference; lastKnownFileType = sourcecode.c.c; path = MemoryTest.c; sourceTree = "<group>"; };
		4CE0EB702193DBF3008CF8BE /* StaticTest.h */ = {isa = PBXFileReference; lastKnownFileType = sourcecode.c.h; path = StaticTest.h; sourceTree = "<group>"; };
		4CE0EB712193DBF3008CF8BE /* StaticTest.c */ = {isa = PBXFileReference; lastKnownFileType = sourcecode.c.c; path = StaticTest.c; sourceTree = "<group>"; };
		4CE0EB73219420D6008CF8BE /* ArrayTest.h */ = {isa = PBXFileReference; lastKnownFileType = sourcecode.c.h; path = ArrayTest.h; sourceTree = "<group>"; };
		4CE0EB74219420D6008CF8BE /* ArrayTest.c */ = {isa = PBXFileReference; lastKnownFileType = sourcecode.c.c; path = ArrayTest.c; sourceTree = "<group>"; };
/* End PBXFileReference section */

/* Begin PBXFrameworksBuildPhase section */
		4C4F711B218FD63700838473 /* Frameworks */ = {
			isa = PBXFrameworksBuildPhase;
			buildActionMask = 2147483647;
			files = (
			);
			runOnlyForDeploymentPostprocessing = 0;
		};
/* End PBXFrameworksBuildPhase section */

/* Begin PBXGroup section */
		4C35DCD0219A701500A84557 /* basic */ = {
			isa = PBXGroup;
			children = (
				4CE0EB672193CDC9008CF8BE /* student.h */,
				4CE0EB682193CDC9008CF8BE /* student.c */,
				4CE0EB6A2193D46C008CF8BE /* studentHandle.h */,
				4CE0EB6B2193D46C008CF8BE /* studentHandle.c */,
				4CE0EAFF21900F96008CF8BE /* CLanguageDemo.h */,
				4CE0EB0021900F96008CF8BE /* CLanguageDemo.c */,
				4C4F7129218FF74F00838473 /* BasicTest.h */,
				4C4F712A218FF74F00838473 /* BasicTest.c */,
				4C4F712C218FF8B700838473 /* Exam.h */,
				4C4F712D218FF8B700838473 /* Exam.c */,
				4CE0EB5E2191210D008CF8BE /* StringTest.h */,
				4CE0EB5F2191210D008CF8BE /* StringTest.c */,
				4CE0EB6121913281008CF8BE /* PointerTest.h */,
				4CE0EB6221913281008CF8BE /* PointerTest.c */,
				4CE0EB73219420D6008CF8BE /* ArrayTest.h */,
				4CE0EB74219420D6008CF8BE /* ArrayTest.c */,
				4CE0EB6D2193DAE7008CF8BE /* MemoryTest.h */,
				4CE0EB6E2193DAE7008CF8BE /* MemoryTest.c */,
				4CE0EB702193DBF3008CF8BE /* StaticTest.h */,
				4CE0EB712193DBF3008CF8BE /* StaticTest.c */,
			);
			path = basic;
			sourceTree = "<group>";
		};
		4C35DCD1219A701500A84557 /* output */ = {
			isa = PBXGroup;
			children = (
				4C35DCD9219B1A0600A84557 /* des.jpg */,
				4C35DCD8219B19D600A84557 /* src.jpg */,
				4C35DCD7219B11BA00A84557 /* in.txt */,
				4C35DCD2219A9E9100A84557 /* out2.txt */,
				4C4F7128218FE75C00838473 /* out.txt */,
			);
			path = output;
			sourceTree = "<group>";
		};
		4C35DCD3219AB44700A84557 /* ds */ = {
			isa = PBXGroup;
			children = (
				4C35DCD4219AB49D00A84557 /* search.h */,
				4C2805AF219BD7B7009A9D5E /* LinkList.c */,
				4C2805AE219BD7B7009A9D5E /* LinkList.h */,
				4C2805AD219BD7B7009A9D5E /* SeqList.c */,
				4C2805B0219BD7B8009A9D5E /* SeqList.h */,
				4C2805B3219BE838009A9D5E /* LinearList.c */,
				4C2805B4219BE838009A9D5E /* LinearList.h */,
				4C35DCD5219AB49D00A84557 /* search.c */,
			);
			path = ds;
			sourceTree = "<group>";
		};
		4C4F7115218FD63700838473 = {
			isa = PBXGroup;
			children = (
				4C35DCCD219A696E00A84557 /* README.md */,
				4C4F7120218FD63700838473 /* ruanjiankaifa */,
				4C4F711F218FD63700838473 /* Products */,
			);
			sourceTree = "<group>";
		};
		4C4F711F218FD63700838473 /* Products */ = {
			isa = PBXGroup;
			children = (
				4C4F711E218FD63700838473 /* ruanjiankaifa */,
			);
			name = Products;
			sourceTree = "<group>";
		};
		4C4F7120218FD63700838473 /* ruanjiankaifa */ = {
			isa = PBXGroup;
			children = (
				4C35DCD3219AB44700A84557 /* ds */,
				4C35DCD0219A701500A84557 /* basic */,
				4C35DCD1219A701500A84557 /* output */,
				4C4F7121218FD63700838473 /* main.c */,
				4C35DCCC219A62FF00A84557 /* Header.h */,
			);
			path = ruanjiankaifa;
			sourceTree = "<group>";
		};
/* End PBXGroup section */

/* Begin PBXNativeTarget section */
		4C4F711D218FD63700838473 /* ruanjiankaifa */ = {
			isa = PBXNativeTarget;
			buildConfigurationList = 4C4F7125218FD63700838473 /* Build configuration list for PBXNativeTarget "ruanjiankaifa" */;
			buildPhases = (
				4C4F711A218FD63700838473 /* Sources */,
				4C4F711B218FD63700838473 /* Frameworks */,
				4C4F711C218FD63700838473 /* CopyFiles */,
			);
			buildRules = (
			);
			dependencies = (
			);
			name = ruanjiankaifa;
			productName = ruanjiankaifa;
			productReference = 4C4F711E218FD63700838473 /* ruanjiankaifa */;
			productType = "com.apple.product-type.tool";
		};
/* End PBXNativeTarget section */

/* Begin PBXProject section */
		4C4F7116218FD63700838473 /* Project object */ = {
			isa = PBXProject;
			attributes = {
				LastUpgradeCheck = 1010;
				ORGANIZATIONNAME = chance;
				TargetAttributes = {
					4C4F711D218FD63700838473 = {
						CreatedOnToolsVersion = 10.1;
					};
				};
			};
			buildConfigurationList = 4C4F7119218FD63700838473 /* Build configuration list for PBXProject "ruanjiankaifa" */;
			compatibilityVersion = "Xcode 9.3";
			developmentRegion = en;
			hasScannedForEncodings = 0;
			knownRegions = (
				en,
			);
			mainGroup = 4C4F7115218FD63700838473;
			productRefGroup = 4C4F711F218FD63700838473 /* Products */;
			projectDirPath = "";
			projectRoot = "";
			targets = (
				4C4F711D218FD63700838473 /* ruanjiankaifa */,
			);
		};
/* End PBXProject section */

/* Begin PBXSourcesBuildPhase section */
		4C4F711A218FD63700838473 /* Sources */ = {
			isa = PBXSourcesBuildPhase;
			buildActionMask = 2147483647;
			files = (
				4CE0EB6F2193DAE7008CF8BE /* MemoryTest.c in Sources */,
				4CE0EB0121900F96008CF8BE /* CLanguageDemo.c in Sources */,
				4C4F712B218FF74F00838473 /* BasicTest.c in Sources */,
				4C2805B2219BD7B8009A9D5E /* LinkList.c in Sources */,
				4C35DCD6219AB49D00A84557 /* search.c in Sources */,
				4C2805B5219BE838009A9D5E /* LinearList.c in Sources */,
				4CE0EB692193CDC9008CF8BE /* student.c in Sources */,
				4CE0EB6C2193D46C008CF8BE /* studentHandle.c in Sources */,
				4CE0EB722193DBF3008CF8BE /* StaticTest.c in Sources */,
				4C2805B1219BD7B8009A9D5E /* SeqList.c in Sources */,
				4C4F712E218FF8B700838473 /* Exam.c in Sources */,
				4CE0EB602191210D008CF8BE /* StringTest.c in Sources */,
				4C4F7122218FD63700838473 /* main.c in Sources */,
				4CE0EB6321913281008CF8BE /* PointerTest.c in Sources */,
				4CE0EB75219420D6008CF8BE /* ArrayTest.c in Sources */,
			);
			runOnlyForDeploymentPostprocessing = 0;
		};
/* End PBXSourcesBuildPhase section */

/* Begin XCBuildConfiguration section */
		4C4F7123218FD63700838473 /* Debug */ = {
			isa = XCBuildConfiguration;
			buildSettings = {
				ALWAYS_SEARCH_USER_PATHS = NO;
				CLANG_ANALYZER_NONNULL = YES;
				CLANG_ANALYZER_NUMBER_OBJECT_CONVERSION = YES_AGGRESSIVE;
				CLANG_CXX_LANGUAGE_STANDARD = "gnu++14";
				CLANG_CXX_LIBRARY = "libc++";
				CLANG_ENABLE_MODULES = YES;
				CLANG_ENABLE_OBJC_ARC = YES;
				CLANG_ENABLE_OBJC_WEAK = YES;
				CLANG_WARN_BLOCK_CAPTURE_AUTORELEASING = YES;
				CLANG_WARN_BOOL_CONVERSION = YES;
				CLANG_WARN_COMMA = YES;
				CLANG_WARN_CONSTANT_CONVERSION = YES;
				CLANG_WARN_DEPRECATED_OBJC_IMPLEMENTATIONS = YES;
				CLANG_WARN_DIRECT_OBJC_ISA_USAGE = YES_ERROR;
				CLANG_WARN_DOCUMENTATION_COMMENTS = YES;
				CLANG_WARN_EMPTY_BODY = YES;
				CLANG_WARN_ENUM_CONVERSION = YES;
				CLANG_WARN_INFINITE_RECURSION = YES;
				CLANG_WARN_INT_CONVERSION = YES;
				CLANG_WARN_NON_LITERAL_NULL_CONVERSION = YES;
				CLANG_WARN_OBJC_IMPLICIT_RETAIN_SELF = YES;
				CLANG_WARN_OBJC_LITERAL_CONVERSION = YES;
				CLANG_WARN_OBJC_ROOT_CLASS = YES_ERROR;
				CLANG_WARN_RANGE_LOOP_ANALYSIS = YES;
				CLANG_WARN_STRICT_PROTOTYPES = YES;
				CLANG_WARN_SUSPICIOUS_MOVE = YES;
				CLANG_WARN_UNGUARDED_AVAILABILITY = YES_AGGRESSIVE;
				CLANG_WARN_UNREACHABLE_CODE = YES;
				CLANG_WARN__DUPLICATE_METHOD_MATCH = YES;
				CODE_SIGN_IDENTITY = "Mac Developer";
				COPY_PHASE_STRIP = NO;
				DEBUG_INFORMATION_FORMAT = dwarf;
				ENABLE_STRICT_OBJC_MSGSEND = YES;
				ENABLE_TESTABILITY = YES;
				GCC_C_LANGUAGE_STANDARD = gnu11;
				GCC_DYNAMIC_NO_PIC = NO;
				GCC_NO_COMMON_BLOCKS = YES;
				GCC_OPTIMIZATION_LEVEL = 0;
				GCC_PREPROCESSOR_DEFINITIONS = (
					"DEBUG=1",
					"$(inherited)",
				);
				GCC_WARN_64_TO_32_BIT_CONVERSION = YES;
				GCC_WARN_ABOUT_RETURN_TYPE = YES_ERROR;
				GCC_WARN_UNDECLARED_SELECTOR = YES;
				GCC_WARN_UNINITIALIZED_AUTOS = YES_AGGRESSIVE;
				GCC_WARN_UNUSED_FUNCTION = YES;
				GCC_WARN_UNUSED_VARIABLE = YES;
				MACOSX_DEPLOYMENT_TARGET = 10.14;
				MTL_ENABLE_DEBUG_INFO = INCLUDE_SOURCE;
				MTL_FAST_MATH = YES;
				ONLY_ACTIVE_ARCH = YES;
				SDKROOT = macosx;
			};
			name = Debug;
		};
		4C4F7124218FD63700838473 /* Release */ = {
			isa = XCBuildConfiguration;
			buildSettings = {
				ALWAYS_SEARCH_USER_PATHS = NO;
				CLANG_ANALYZER_NONNULL = YES;
				CLANG_ANALYZER_NUMBER_OBJECT_CONVERSION = YES_AGGRESSIVE;
				CLANG_CXX_LANGUAGE_STANDARD = "gnu++14";
				CLANG_CXX_LIBRARY = "libc++";
				CLANG_ENABLE_MODULES = YES;
				CLANG_ENABLE_OBJC_ARC = YES;
				CLANG_ENABLE_OBJC_WEAK = YES;
				CLANG_WARN_BLOCK_CAPTURE_AUTORELEASING = YES;
				CLANG_WARN_BOOL_CONVERSION = YES;
				CLANG_WARN_COMMA = YES;
				CLANG_WARN_CONSTANT_CONVERSION = YES;
				CLANG_WARN_DEPRECATED_OBJC_IMPLEMENTATIONS = YES;
				CLANG_WARN_DIRECT_OBJC_ISA_USAGE = YES_ERROR;
				CLANG_WARN_DOCUMENTATION_COMMENTS = YES;
				CLANG_WARN_EMPTY_BODY = YES;
				CLANG_WARN_ENUM_CONVERSION = YES;
				CLANG_WARN_INFINITE_RECURSION = YES;
				CLANG_WARN_INT_CONVERSION = YES;
				CLANG_WARN_NON_LITERAL_NULL_CONVERSION = YES;
				CLANG_WARN_OBJC_IMPLICIT_RETAIN_SELF = YES;
				CLANG_WARN_OBJC_LITERAL_CONVERSION = YES;
				CLANG_WARN_OBJC_ROOT_CLASS = YES_ERROR;
				CLANG_WARN_RANGE_LOOP_ANALYSIS = YES;
				CLANG_WARN_STRICT_PROTOTYPES = YES;
				CLANG_WARN_SUSPICIOUS_MOVE = YES;
				CLANG_WARN_UNGUARDED_AVAILABILITY = YES_AGGRESSIVE;
				CLANG_WARN_UNREACHABLE_CODE = YES;
				CLANG_WARN__DUPLICATE_METHOD_MATCH = YES;
				CODE_SIGN_IDENTITY = "Mac Developer";
				COPY_PHASE_STRIP = NO;
				DEBUG_INFORMATION_FORMAT = "dwarf-with-dsym";
				ENABLE_NS_ASSERTIONS = NO;
				ENABLE_STRICT_OBJC_MSGSEND = YES;
				GCC_C_LANGUAGE_STANDARD = gnu11;
				GCC_NO_COMMON_BLOCKS = YES;
				GCC_WARN_64_TO_32_BIT_CONVERSION = YES;
				GCC_WARN_ABOUT_RETURN_TYPE = YES_ERROR;
				GCC_WARN_UNDECLARED_SELECTOR = YES;
				GCC_WARN_UNINITIALIZED_AUTOS = YES_AGGRESSIVE;
				GCC_WARN_UNUSED_FUNCTION = YES;
				GCC_WARN_UNUSED_VARIABLE = YES;
				MACOSX_DEPLOYMENT_TARGET = 10.14;
				MTL_ENABLE_DEBUG_INFO = NO;
				MTL_FAST_MATH = YES;
				SDKROOT = macosx;
			};
			name = Release;
		};
		4C4F7126218FD63700838473 /* Debug */ = {
			isa = XCBuildConfiguration;
			buildSettings = {
				CODE_SIGN_IDENTITY = "Mac Developer";
				CODE_SIGN_STYLE = Manual;
				DEVELOPMENT_TEAM = 66PR3647A7;
				PRODUCT_NAME = "$(TARGET_NAME)";
				PROVISIONING_PROFILE_SPECIFIER = "";
			};
			name = Debug;
		};
		4C4F7127218FD63700838473 /* Release */ = {
			isa = XCBuildConfiguration;
			buildSettings = {
				CODE_SIGN_STYLE = Manual;
				DEVELOPMENT_TEAM = 66PR3647A7;
				PRODUCT_NAME = "$(TARGET_NAME)";
				PROVISIONING_PROFILE_SPECIFIER = "";
			};
			name = Release;
		};
/* End XCBuildConfiguration section */

/* Begin XCConfigurationList section */
		4C4F7119218FD63700838473 /* Build configuration list for PBXProject "ruanjiankaifa" */ = {
			isa = XCConfigurationList;
			buildConfigurations = (
				4C4F7123218FD63700838473 /* Debug */,
				4C4F7124218FD63700838473 /* Release */,
			);
			defaultConfigurationIsVisible = 0;
			defaultConfigurationName = Release;
		};
		4C4F7125218FD63700838473 /* Build configuration list for PBXNativeTarget "ruanjiankaifa" */ = {
			isa = XCConfigurationList;
			buildConfigurations = (
				4C4F7126218FD63700838473 /* Debug */,
				4C4F7127218FD63700838473 /* Release */,
			);
			defaultConfigurationIsVisible = 0;
			defaultConfigurationName = Release;
		};
/* End XCConfigurationList section */
	};
	rootObject = 4C4F7116218FD63700838473 /* Project object */;
}
